
Microsoft Visual Studio Solution File, Format Version 12.00
# Visual Studio Version 17
VisualStudioVersion = 17.13.35818.85 d17.13
MinimumVisualStudioVersion = 10.0.40219.1
Project("{FAE04EC0-301F-11D3-BF4B-00C04F79EFBC}") = "array", "array.csproj", "{8C4321DA-3A36-467B-BA52-0A299F73D34C}"
EndProject
Global
	GlobalSection(SolutionConfigurationPlatforms) = preSolution
		Debug|Any CPU = Debug|Any CPU
		Release|Any CPU = Release|Any CPU
	EndGlobalSection
	GlobalSection(ProjectConfigurationPlatforms) = postSolution
		{8C4321DA-3A36-467B-BA52-0A299F73D34C}.Debug|Any CPU.ActiveCfg = Debug|Any CPU
		{8C4321DA-3A36-467B-BA52-0A299F73D34C}.Debug|Any CPU.Build.0 = Debug|Any CPU
		{8C4321DA-3A36-467B-BA52-0A299F73D34C}.Release|Any CPU.ActiveCfg = Release|Any CPU
		{8C4321DA-3A36-467B-BA52-0A299F73D34C}.Release|Any CPU.Build.0 = Release|Any CPU
	EndGlobalSection
	GlobalSection(SolutionProperties) = preSolution
		HideSolutionNode = FALSE
	EndGlobalSection
	GlobalSection(ExtensibilityGlobals) = postSolution
		SolutionGuid = {717FC34F-8626-4B88-9DC8-255BAED28A99}
	EndGlobalSection
EndGlobal
